
Microsoft Visual Studio Solution File, Format Version 12.00
# Visual Studio 15
VisualStudioVersion = 15.0.28010.2036
MinimumVisualStudioVersion = 10.0.40219.1
Project("{FAE04EC0-301F-11D3-BF4B-00C04F79EFBC}") = "TodoList.Api", "src\TodoList.Api\TodoList.Api.csproj", "{52B33D4D-21B9-4218-B2DA-E874C3C434AE}"
EndProject
Project("{FAE04EC0-301F-11D3-BF4B-00C04F79EFBC}") = "TodoList.Api.Tests", "test\TodoList.Api.Tests\TodoList.Api.Tests.csproj", "{A060B77A-5769-40D5-AF46-E8CE198C2D1B}"
EndProject
Project("{2150E333-8FDC-42A3-9474-1A3956D46DE8}") = "src", "src", "{E59F0F84-EF22-4F69-8CA5-5D2A7748AE0C}"
EndProject
Project("{2150E333-8FDC-42A3-9474-1A3956D46DE8}") = "test", "test", "{1D41493B-71EA-4F8F-BB62-8014AEF1E464}"
EndProject
Project("{FAE04EC0-301F-11D3-BF4B-00C04F79EFBC}") = "TodoList.Data", "src\TodoList.Data\TodoList.Data.csproj", "{0BFC45CC-F31F-463F-8D62-C7E5823F4867}"
EndProject
Project("{FAE04EC0-301F-11D3-BF4B-00C04F79EFBC}") = "TodoList.Contracts", "src\TodoList.Contracts\TodoList.Contracts.csproj", "{9B091E02-3177-46BE-83DC-60F4704B98E9}"
EndProject
Global
	GlobalSection(SolutionConfigurationPlatforms) = preSolution
		Debug|Any CPU = Debug|Any CPU
		Release|Any CPU = Release|Any CPU
	EndGlobalSection
	GlobalSection(ProjectConfigurationPlatforms) = postSolution
		{52B33D4D-21B9-4218-B2DA-E874C3C434AE}.Debug|Any CPU.ActiveCfg = Debug|Any CPU
		{52B33D4D-21B9-4218-B2DA-E874C3C434AE}.Debug|Any CPU.Build.0 = Debug|Any CPU
		{52B33D4D-21B9-4218-B2DA-E874C3C434AE}.Release|Any CPU.ActiveCfg = Release|Any CPU
		{52B33D4D-21B9-4218-B2DA-E874C3C434AE}.Release|Any CPU.Build.0 = Release|Any CPU
		{A060B77A-5769-40D5-AF46-E8CE198C2D1B}.Debug|Any CPU.ActiveCfg = Debug|Any CPU
		{A060B77A-5769-40D5-AF46-E8CE198C2D1B}.Debug|Any CPU.Build.0 = Debug|Any CPU
		{A060B77A-5769-40D5-AF46-E8CE198C2D1B}.Release|Any CPU.ActiveCfg = Release|Any CPU
		{A060B77A-5769-40D5-AF46-E8CE198C2D1B}.Release|Any CPU.Build.0 = Release|Any CPU
		{0BFC45CC-F31F-463F-8D62-C7E5823F4867}.Debug|Any CPU.ActiveCfg = Debug|Any CPU
		{0BFC45CC-F31F-463F-8D62-C7E5823F4867}.Debug|Any CPU.Build.0 = Debug|Any CPU
		{0BFC45CC-F31F-463F-8D62-C7E5823F4867}.Release|Any CPU.ActiveCfg = Release|Any CPU
		{0BFC45CC-F31F-463F-8D62-C7E5823F4867}.Release|Any CPU.Build.0 = Release|Any CPU
		{9B091E02-3177-46BE-83DC-60F4704B98E9}.Debug|Any CPU.ActiveCfg = Debug|Any CPU
		{9B091E02-3177-46BE-83DC-60F4704B98E9}.Debug|Any CPU.Build.0 = Debug|Any CPU
		{9B091E02-3177-46BE-83DC-60F4704B98E9}.Release|Any CPU.ActiveCfg = Release|Any CPU
		{9B091E02-3177-46BE-83DC-60F4704B98E9}.Release|Any CPU.Build.0 = Release|Any CPU
	EndGlobalSection
	GlobalSection(SolutionProperties) = preSolution
		HideSolutionNode = FALSE
	EndGlobalSection
	GlobalSection(NestedProjects) = preSolution
		{52B33D4D-21B9-4218-B2DA-E874C3C434AE} = {E59F0F84-EF22-4F69-8CA5-5D2A7748AE0C}
		{A060B77A-5769-40D5-AF46-E8CE198C2D1B} = {1D41493B-71EA-4F8F-BB62-8014AEF1E464}
		{0BFC45CC-F31F-463F-8D62-C7E5823F4867} = {E59F0F84-EF22-4F69-8CA5-5D2A7748AE0C}
		{9B091E02-3177-46BE-83DC-60F4704B98E9} = {E59F0F84-EF22-4F69-8CA5-5D2A7748AE0C}
	EndGlobalSection
	GlobalSection(ExtensibilityGlobals) = postSolution
		SolutionGuid = {B8030BB9-B081-4056-B0F0-4ED612A0EC5C}
	EndGlobalSection
EndGlobal
